// !$*UTF8*$!
{
	archiveVersion = 1;
	classes = {
	};
	objectVersion = 48;
	objects = {

/* Begin PBXBuildFile section */
		A2DF6FF71FD497CF0010E490 /* AppDelegate.swift in Sources */ = {isa = PBXBuildFile; fileRef = A2DF6FF61FD497CF0010E490 /* AppDelegate.swift */; };
		A2DF6FF91FD497CF0010E490 /* ViewController.swift in Sources */ = {isa = PBXBuildFile; fileRef = A2DF6FF81FD497CF0010E490 /* ViewController.swift */; };
		A2DF6FFC1FD497CF0010E490 /* Main.storyboard in Resources */ = {isa = PBXBuildFile; fileRef = A2DF6FFA1FD497CF0010E490 /* Main.storyboard */; };
		A2DF6FFE1FD497CF0010E490 /* Assets.xcassets in Resources */ = {isa = PBXBuildFile; fileRef = A2DF6FFD1FD497CF0010E490 /* Assets.xcassets */; };
		A2DF70011FD497CF0010E490 /* LaunchScreen.storyboard in Resources */ = {isa = PBXBuildFile; fileRef = A2DF6FFF1FD497CF0010E490 /* LaunchScreen.storyboard */; };
		A2DF700C1FD497D00010E490 /* AudioSystemSwiftTests.swift in Sources */ = {isa = PBXBuildFile; fileRef = A2DF700B1FD497D00010E490 /* AudioSystemSwiftTests.swift */; };
		A2DF70171FD497D00010E490 /* AudioSystemSwiftUITests.swift in Sources */ = {isa = PBXBuildFile; fileRef = A2DF70161FD497D00010E490 /* AudioSystemSwiftUITests.swift */; };
		A2DF70261FD59B790010E490 /* CoreBluetooth.framework in Frameworks */ = {isa = PBXBuildFile; fileRef = A2DF70251FD59B610010E490 /* CoreBluetooth.framework */; };
/* End PBXBuildFile section */

/* Begin PBXContainerItemProxy section */
		A2DF70081FD497D00010E490 /* PBXContainerItemProxy */ = {
			isa = PBXContainerItemProxy;
			containerPortal = A2DF6FEB1FD497CF0010E490 /* Project object */;
			proxyType = 1;
			remoteGlobalIDString = A2DF6FF21FD497CF0010E490;
			remoteInfo = AudioSystemSwift;
		};
		A2DF70131FD497D00010E490 /* PBXContainerItemProxy */ = {
			isa = PBXContainerItemProxy;
			containerPortal = A2DF6FEB1FD497CF0010E490 /* Project object */;
			proxyType = 1;
			remoteGlobalIDString = A2DF6FF21FD497CF0010E490;
			remoteInfo = AudioSystemSwift;
		};
/* End PBXContainerItemProxy section */

/* Begin PBXFileReference section */
		A2DF6FF31FD497CF0010E490 /* AudioSystemSwift.app */ = {isa = PBXFileReference; explicitFileType = wrapper.application; includeInIndex = 0; path = AudioSystemSwift.app; sourceTree = BUILT_PRODUCTS_DIR; };
		A2DF6FF61FD497CF0010E490 /* AppDelegate.swift */ = {isa = PBXFileReference; lastKnownFileType = sourcecode.swift; path = AppDelegate.swift; sourceTree = "<group>"; };
		A2DF6FF81FD497CF0010E490 /* ViewController.swift */ = {isa = PBXFileReference; lastKnownFileType = sourcecode.swift; path = ViewController.swift; sourceTree = "<group>"; };
		A2DF6FFB1FD497CF0010E490 /* Base */ = {isa = PBXFileReference; lastKnownFileType = file.storyboard; name = Base; path = Base.lproj/Main.storyboard; sourceTree = "<group>"; };
		A2DF6FFD1FD497CF0010E490 /* Assets.xcassets */ = {isa = PBXFileReference; lastKnownFileType = folder.assetcatalog; path = Assets.xcassets; sourceTree = "<group>"; };
		A2DF70001FD497CF0010E490 /* Base */ = {isa = PBXFileReference; lastKnownFileType = file.storyboard; name = Base; path = Base.lproj/LaunchScreen.storyboard; sourceTree = "<group>"; };
		A2DF70021FD497CF0010E490 /* Info.plist */ = {isa = PBXFileReference; lastKnownFileType = text.plist.xml; path = Info.plist; sourceTree = "<group>"; };
		A2DF70071FD497D00010E490 /* AudioSystemSwiftTests.xctest */ = {isa = PBXFileReference; explicitFileType = wrapper.cfbundle; includeInIndex = 0; path = AudioSystemSwiftTests.xctest; sourceTree = BUILT_PRODUCTS_DIR; };
		A2DF700B1FD497D00010E490 /* AudioSystemSwiftTests.swift */ = {isa = PBXFileReference; lastKnownFileType = sourcecode.swift; path = AudioSystemSwiftTests.swift; sourceTree = "<group>"; };
		A2DF700D1FD497D00010E490 /* Info.plist */ = {isa = PBXFileReference; lastKnownFileType = text.plist.xml; path = Info.plist; sourceTree = "<group>"; };
		A2DF70121FD497D00010E490 /* AudioSystemSwiftUITests.xctest */ = {isa = PBXFileReference; explicitFileType = wrapper.cfbundle; includeInIndex = 0; path = AudioSystemSwiftUITests.xctest; sourceTree = BUILT_PRODUCTS_DIR; };
		A2DF70161FD497D00010E490 /* AudioSystemSwiftUITests.swift */ = {isa = PBXFileReference; lastKnownFileType = sourcecode.swift; path = AudioSystemSwiftUITests.swift; sourceTree = "<group>"; };
		A2DF70181FD497D00010E490 /* Info.plist */ = {isa = PBXFileReference; lastKnownFileType = text.plist.xml; path = Info.plist; sourceTree = "<group>"; };
		A2DF70251FD59B610010E490 /* CoreBluetooth.framework */ = {isa = PBXFileReference; lastKnownFileType = wrapper.framework; name = CoreBluetooth.framework; path = System/Library/Frameworks/CoreBluetooth.framework; sourceTree = SDKROOT; };
		A2DF70271FD59C620010E490 /* BlueCapKit-master */ = {isa = PBXFileReference; lastKnownFileType = folder; name = "BlueCapKit-master"; path = "../../Downloads/BlueCapKit-master"; sourceTree = "<group>"; };
		A2DF70291FD59E350010E490 /* BlueCapKit */ = {isa = PBXFileReference; lastKnownFileType = folder; name = BlueCapKit; path = "../../Downloads/BlueCapKit-master/BlueCapKit"; sourceTree = "<group>"; };
		A2DF702B1FD5A0400010E490 /* BlueCapKit.framework */ = {isa = PBXFileReference; lastKnownFileType = wrapper.framework; name = BlueCapKit.framework; path = "../../Downloads/iOS-BlueCap-Example-master/SimpleBleCentral/BlueCapKit.framework"; sourceTree = "<group>"; };
/* End PBXFileReference section */

/* Begin PBXFrameworksBuildPhase section */
		A2DF6FF01FD497CF0010E490 /* Frameworks */ = {
			isa = PBXFrameworksBuildPhase;
			buildActionMask = 2147483647;
			files = (
				A2DF70261FD59B790010E490 /* CoreBluetooth.framework in Frameworks */,
			);
			runOnlyForDeploymentPostprocessing = 0;
		};
		A2DF70041FD497D00010E490 /* Frameworks */ = {
			isa = PBXFrameworksBuildPhase;
			buildActionMask = 2147483647;
			files = (
			);
			runOnlyForDeploymentPostprocessing = 0;
		};
		A2DF700F1FD497D00010E490 /* Frameworks */ = {
			isa = PBXFrameworksBuildPhase;
			buildActionMask = 2147483647;
			files = (
			);
			runOnlyForDeploymentPostprocessing = 0;
		};
/* End PBXFrameworksBuildPhase section */

/* Begin PBXGroup section */
		A2DF6FEA1FD497CF0010E490 = {
			isa = PBXGroup;
			children = (
				A2DF6FF51FD497CF0010E490 /* AudioSystemSwift */,
				A2DF700A1FD497D00010E490 /* AudioSystemSwiftTests */,
				A2DF70151FD497D00010E490 /* AudioSystemSwiftUITests */,
				A2DF6FF41FD497CF0010E490 /* Products */,
				A2DF70241FD59B600010E490 /* Frameworks */,
			);
			sourceTree = "<group>";
		};
		A2DF6FF41FD497CF0010E490 /* Products */ = {
			isa = PBXGroup;
			children = (
				A2DF6FF31FD497CF0010E490 /* AudioSystemSwift.app */,
				A2DF70071FD497D00010E490 /* AudioSystemSwiftTests.xctest */,
				A2DF70121FD497D00010E490 /* AudioSystemSwiftUITests.xctest */,
			);
			name = Products;
			sourceTree = "<group>";
		};
		A2DF6FF51FD497CF0010E490 /* AudioSystemSwift */ = {
			isa = PBXGroup;
			children = (
				A2DF6FF61FD497CF0010E490 /* AppDelegate.swift */,
				A2DF6FF81FD497CF0010E490 /* ViewController.swift */,
				A2DF6FFA1FD497CF0010E490 /* Main.storyboard */,
				A2DF6FFD1FD497CF0010E490 /* Assets.xcassets */,
				A2DF6FFF1FD497CF0010E490 /* LaunchScreen.storyboard */,
				A2DF70021FD497CF0010E490 /* Info.plist */,
			);
			path = AudioSystemSwift;
			sourceTree = "<group>";
		};
		A2DF700A1FD497D00010E490 /* AudioSystemSwiftTests */ = {
			isa = PBXGroup;
			children = (
				A2DF700B1FD497D00010E490 /* AudioSystemSwiftTests.swift */,
				A2DF700D1FD497D00010E490 /* Info.plist */,
			);
			path = AudioSystemSwiftTests;
			sourceTree = "<group>";
		};
		A2DF70151FD497D00010E490 /* AudioSystemSwiftUITests */ = {
			isa = PBXGroup;
			children = (
				A2DF70161FD497D00010E490 /* AudioSystemSwiftUITests.swift */,
				A2DF70181FD497D00010E490 /* Info.plist */,
			);
			path = AudioSystemSwiftUITests;
			sourceTree = "<group>";
		};
		A2DF70241FD59B600010E490 /* Frameworks */ = {
			isa = PBXGroup;
			children = (
				A2DF702B1FD5A0400010E490 /* BlueCapKit.framework */,
				A2DF70291FD59E350010E490 /* BlueCapKit */,
				A2DF70271FD59C620010E490 /* BlueCapKit-master */,
				A2DF70251FD59B610010E490 /* CoreBluetooth.framework */,
			);
			name = Frameworks;
			sourceTree = "<group>";
		};
/* End PBXGroup section */

/* Begin PBXNativeTarget section */
		A2DF6FF21FD497CF0010E490 /* AudioSystemSwift */ = {
			isa = PBXNativeTarget;
			buildConfigurationList = A2DF701B1FD497D00010E490 /* Build configuration list for PBXNativeTarget "AudioSystemSwift" */;
			buildPhases = (
				A2DF6FEF1FD497CF0010E490 /* Sources */,
				A2DF6FF01FD497CF0010E490 /* Frameworks */,
				A2DF6FF11FD497CF0010E490 /* Resources */,
			);
			buildRules = (
			);
			dependencies = (
			);
			name = AudioSystemSwift;
			productName = AudioSystemSwift;
			productReference = A2DF6FF31FD497CF0010E490 /* AudioSystemSwift.app */;
			productType = "com.apple.product-type.application";
		};
		A2DF70061FD497D00010E490 /* AudioSystemSwiftTests */ = {
			isa = PBXNativeTarget;
			buildConfigurationList = A2DF701E1FD497D00010E490 /* Build configuration list for PBXNativeTarget "AudioSystemSwiftTests" */;
			buildPhases = (
				A2DF70031FD497D00010E490 /* Sources */,
				A2DF70041FD497D00010E490 /* Frameworks */,
				A2DF70051FD497D00010E490 /* Resources */,
			);
			buildRules = (
			);
			dependencies = (
				A2DF70091FD497D00010E490 /* PBXTargetDependency */,
			);
			name = AudioSystemSwiftTests;
			productName = AudioSystemSwiftTests;
			productReference = A2DF70071FD497D00010E490 /* AudioSystemSwiftTests.xctest */;
			productType = "com.apple.product-type.bundle.unit-test";
		};
		A2DF70111FD497D00010E490 /* AudioSystemSwiftUITests */ = {
			isa = PBXNativeTarget;
			buildConfigurationList = A2DF70211FD497D00010E490 /* Build configuration list for PBXNativeTarget "AudioSystemSwiftUITests" */;
			buildPhases = (
				A2DF700E1FD497D00010E490 /* Sources */,
				A2DF700F1FD497D00010E490 /* Frameworks */,
				A2DF70101FD497D00010E490 /* Resources */,
			);
			buildRules = (
			);
			dependencies = (
				A2DF70141FD497D00010E490 /* PBXTargetDependency */,
			);
			name = AudioSystemSwiftUITests;
			productName = AudioSystemSwiftUITests;
			productReference = A2DF70121FD497D00010E490 /* AudioSystemSwiftUITests.xctest */;
			productType = "com.apple.product-type.bundle.ui-testing";
		};
/* End PBXNativeTarget section */

/* Begin PBXProject section */
		A2DF6FEB1FD497CF0010E490 /* Project object */ = {
			isa = PBXProject;
			attributes = {
				LastSwiftUpdateCheck = 0920;
				LastUpgradeCheck = 0920;
				ORGANIZATIONNAME = "Monika Schepan";
				TargetAttributes = {
					A2DF6FF21FD497CF0010E490 = {
						CreatedOnToolsVersion = 9.2;
						ProvisioningStyle = Automatic;
						SystemCapabilities = {
							com.apple.BackgroundModes = {
								enabled = 1;
							};
						};
					};
					A2DF70061FD497D00010E490 = {
						CreatedOnToolsVersion = 9.2;
						ProvisioningStyle = Automatic;
						TestTargetID = A2DF6FF21FD497CF0010E490;
					};
					A2DF70111FD497D00010E490 = {
						CreatedOnToolsVersion = 9.2;
						ProvisioningStyle = Automatic;
						TestTargetID = A2DF6FF21FD497CF0010E490;
					};
				};
			};
			buildConfigurationList = A2DF6FEE1FD497CF0010E490 /* Build configuration list for PBXProject "AudioSystemSwift" */;
			compatibilityVersion = "Xcode 8.0";
			developmentRegion = en;
			hasScannedForEncodings = 0;
			knownRegions = (
				en,
				Base,
			);
			mainGroup = A2DF6FEA1FD497CF0010E490;
			productRefGroup = A2DF6FF41FD497CF0010E490 /* Products */;
			projectDirPath = "";
			projectRoot = "";
			targets = (
				A2DF6FF21FD497CF0010E490 /* AudioSystemSwift */,
				A2DF70061FD497D00010E490 /* AudioSystemSwiftTests */,
				A2DF70111FD497D00010E490 /* AudioSystemSwiftUITests */,
			);
		};
/* End PBXProject section */

/* Begin PBXResourcesBuildPhase section */
		A2DF6FF11FD497CF0010E490 /* Resources */ = {
			isa = PBXResourcesBuildPhase;
			buildActionMask = 2147483647;
			files = (
				A2DF70011FD497CF0010E490 /* LaunchScreen.storyboard in Resources */,
				A2DF6FFE1FD497CF0010E490 /* Assets.xcassets in Resources */,
				A2DF6FFC1FD497CF0010E490 /* Main.storyboard in Resources */,
			);
			runOnlyForDeploymentPostprocessing = 0;
		};
		A2DF70051FD497D00010E490 /* Resources */ = {
			isa = PBXResourcesBuildPhase;
			buildActionMask = 2147483647;
			files = (
			);
			runOnlyForDeploymentPostprocessing = 0;
		};
		A2DF70101FD497D00010E490 /* Resources */ = {
			isa = PBXResourcesBuildPhase;
			buildActionMask = 2147483647;
			files = (
			);
			runOnlyForDeploymentPostprocessing = 0;
		};
/* End PBXResourcesBuildPhase section */

/* Begin PBXSourcesBuildPhase section */
		A2DF6FEF1FD497CF0010E490 /* Sources */ = {
			isa = PBXSourcesBuildPhase;
			buildActionMask = 2147483647;
			files = (
				A2DF6FF91FD497CF0010E490 /* ViewController.swift in Sources */,
				A2DF6FF71FD497CF0010E490 /* AppDelegate.swift in Sources */,
			);
			runOnlyForDeploymentPostprocessing = 0;
		};
		A2DF70031FD497D00010E490 /* Sources */ = {
			isa = PBXSourcesBuildPhase;
			buildActionMask = 2147483647;
			files = (
				A2DF700C1FD497D00010E490 /* AudioSystemSwiftTests.swift in Sources */,
			);
			runOnlyForDeploymentPostprocessing = 0;
		};
		A2DF700E1FD497D00010E490 /* Sources */ = {
			isa = PBXSourcesBuildPhase;
			buildActionMask = 2147483647;
			files = (
				A2DF70171FD497D00010E490 /* AudioSystemSwiftUITests.swift in Sources */,
			);
			runOnlyForDeploymentPostprocessing = 0;
		};
/* End PBXSourcesBuildPhase section */

/* Begin PBXTargetDependency section */
		A2DF70091FD497D00010E490 /* PBXTargetDependency */ = {
			isa = PBXTargetDependency;
			target = A2DF6FF21FD497CF0010E490 /* AudioSystemSwift */;
			targetProxy = A2DF70081FD497D00010E490 /* PBXContainerItemProxy */;
		};
		A2DF70141FD497D00010E490 /* PBXTargetDependency */ = {
			isa = PBXTargetDependency;
			target = A2DF6FF21FD497CF0010E490 /* AudioSystemSwift */;
			targetProxy = A2DF70131FD497D00010E490 /* PBXContainerItemProxy */;
		};
/* End PBXTargetDependency section */

/* Begin PBXVariantGroup section */
		A2DF6FFA1FD497CF0010E490 /* Main.storyboard */ = {
			isa = PBXVariantGroup;
			children = (
				A2DF6FFB1FD497CF0010E490 /* Base */,
			);
			name = Main.storyboard;
			sourceTree = "<group>";
		};
		A2DF6FFF1FD497CF0010E490 /* LaunchScreen.storyboard */ = {
			isa = PBXVariantGroup;
			children = (
				A2DF70001FD497CF0010E490 /* Base */,
			);
			name = LaunchScreen.storyboard;
			sourceTree = "<group>";
		};
/* End PBXVariantGroup section */

/* Begin XCBuildConfiguration section */
		A2DF70191FD497D00010E490 /* Debug */ = {
			isa = XCBuildConfiguration;
			buildSettings = {
				ALWAYS_SEARCH_USER_PATHS = NO;
				CLANG_ANALYZER_NONNULL = YES;
				CLANG_ANALYZER_NUMBER_OBJECT_CONVERSION = YES_AGGRESSIVE;
				CLANG_CXX_LANGUAGE_STANDARD = "gnu++14";
				CLANG_CXX_LIBRARY = "libc++";
				CLANG_ENABLE_MODULES = YES;
				CLANG_ENABLE_OBJC_ARC = YES;
				CLANG_WARN_BLOCK_CAPTURE_AUTORELEASING = YES;
				CLANG_WARN_BOOL_CONVERSION = YES;
				CLANG_WARN_COMMA = YES;
				CLANG_WARN_CONSTANT_CONVERSION = YES;
				CLANG_WARN_DIRECT_OBJC_ISA_USAGE = YES_ERROR;
				CLANG_WARN_DOCUMENTATION_COMMENTS = YES;
				CLANG_WARN_EMPTY_BODY = YES;
				CLANG_WARN_ENUM_CONVERSION = YES;
				CLANG_WARN_INFINITE_RECURSION = YES;
				CLANG_WARN_INT_CONVERSION = YES;
				CLANG_WARN_NON_LITERAL_NULL_CONVERSION = YES;
				CLANG_WARN_OBJC_LITERAL_CONVERSION = YES;
				CLANG_WARN_OBJC_ROOT_CLASS = YES_ERROR;
				CLANG_WARN_RANGE_LOOP_ANALYSIS = YES;
				CLANG_WARN_STRICT_PROTOTYPES = YES;
				CLANG_WARN_SUSPICIOUS_MOVE = YES;
				CLANG_WARN_UNGUARDED_AVAILABILITY = YES_AGGRESSIVE;
				CLANG_WARN_UNREACHABLE_CODE = YES;
				CLANG_WARN__DUPLICATE_METHOD_MATCH = YES;
				CODE_SIGN_IDENTITY = "iPhone Developer";
				COPY_PHASE_STRIP = NO;
				DEBUG_INFORMATION_FORMAT = dwarf;
				ENABLE_STRICT_OBJC_MSGSEND = YES;
				ENABLE_TESTABILITY = YES;
				GCC_C_LANGUAGE_STANDARD = gnu11;
				GCC_DYNAMIC_NO_PIC = NO;
				GCC_NO_COMMON_BLOCKS = YES;
				GCC_OPTIMIZATION_LEVEL = 0;
				GCC_PREPROCESSOR_DEFINITIONS = (
					"DEBUG=1",
					"$(inherited)",
				);
				GCC_WARN_64_TO_32_BIT_CONVERSION = YES;
				GCC_WARN_ABOUT_RETURN_TYPE = YES_ERROR;
				GCC_WARN_UNDECLARED_SELECTOR = YES;
				GCC_WARN_UNINITIALIZED_AUTOS = YES_AGGRESSIVE;
				GCC_WARN_UNUSED_FUNCTION = YES;
				GCC_WARN_UNUSED_VARIABLE = YES;
				IPHONEOS_DEPLOYMENT_TARGET = 11.2;
				MTL_ENABLE_DEBUG_INFO = YES;
				ONLY_ACTIVE_ARCH = YES;
				SDKROOT = iphoneos;
				SWIFT_ACTIVE_COMPILATION_CONDITIONS = DEBUG;
				SWIFT_OPTIMIZATION_LEVEL = "-Onone";
			};
			name = Debug;
		};
		A2DF701A1FD497D00010E490 /* Release */ = {
			isa = XCBuildConfiguration;
			buildSettings = {
				ALWAYS_SEARCH_USER_PATHS = NO;
				CLANG_ANALYZER_NONNULL = YES;
				CLANG_ANALYZER_NUMBER_OBJECT_CONVERSION = YES_AGGRESSIVE;
				CLANG_CXX_LANGUAGE_STANDARD = "gnu++14";
				CLANG_CXX_LIBRARY = "libc++";
				CLANG_ENABLE_MODULES = YES;
				CLANG_ENABLE_OBJC_ARC = YES;
				CLANG_WARN_BLOCK_CAPTURE_AUTORELEASING = YES;
				CLANG_WARN_BOOL_CONVERSION = YES;
				CLANG_WARN_COMMA = YES;
				CLANG_WARN_CONSTANT_CONVERSION = YES;
				CLANG_WARN_DIRECT_OBJC_ISA_USAGE = YES_ERROR;
				CLANG_WARN_DOCUMENTATION_COMMENTS = YES;
				CLANG_WARN_EMPTY_BODY = YES;
				CLANG_WARN_ENUM_CONVERSION = YES;
				CLANG_WARN_INFINITE_RECURSION = YES;
				CLANG_WARN_INT_CONVERSION = YES;
				CLANG_WARN_NON_LITERAL_NULL_CONVERSION = YES;
				CLANG_WARN_OBJC_LITERAL_CONVERSION = YES;
				CLANG_WARN_OBJC_ROOT_CLASS = YES_ERROR;
				CLANG_WARN_RANGE_LOOP_ANALYSIS = YES;
				CLANG_WARN_STRICT_PROTOTYPES = YES;
				CLANG_WARN_SUSPICIOUS_MOVE = YES;
				CLANG_WARN_UNGUARDED_AVAILABILITY = YES_AGGRESSIVE;
				CLANG_WARN_UNREACHABLE_CODE = YES;
				CLANG_WARN__DUPLICATE_METHOD_MATCH = YES;
				CODE_SIGN_IDENTITY = "iPhone Developer";
				COPY_PHASE_STRIP = NO;
				DEBUG_INFORMATION_FORMAT = "dwarf-with-dsym";
				ENABLE_NS_ASSERTIONS = NO;
				ENABLE_STRICT_OBJC_MSGSEND = YES;
				GCC_C_LANGUAGE_STANDARD = gnu11;
				GCC_NO_COMMON_BLOCKS = YES;
				GCC_WARN_64_TO_32_BIT_CONVERSION = YES;
				GCC_WARN_ABOUT_RETURN_TYPE = YES_ERROR;
				GCC_WARN_UNDECLARED_SELECTOR = YES;
				GCC_WARN_UNINITIALIZED_AUTOS = YES_AGGRESSIVE;
				GCC_WARN_UNUSED_FUNCTION = YES;
				GCC_WARN_UNUSED_VARIABLE = YES;
				IPHONEOS_DEPLOYMENT_TARGET = 11.2;
				MTL_ENABLE_DEBUG_INFO = NO;
				SDKROOT = iphoneos;
				SWIFT_OPTIMIZATION_LEVEL = "-Owholemodule";
				VALIDATE_PRODUCT = YES;
			};
			name = Release;
		};
		A2DF701C1FD497D00010E490 /* Debug */ = {
			isa = XCBuildConfiguration;
			buildSettings = {
				ASSETCATALOG_COMPILER_APPICON_NAME = AppIcon;
				CODE_SIGN_STYLE = Automatic;
				DEVELOPMENT_TEAM = CR64AQDPNW;
				INFOPLIST_FILE = AudioSystemSwift/Info.plist;
				LD_RUNPATH_SEARCH_PATHS = "$(inherited) @executable_path/Frameworks";
				PRODUCT_BUNDLE_IDENTIFIER = test.AudioSystemSwift;
				PRODUCT_NAME = "$(TARGET_NAME)";
				SWIFT_VERSION = 4.0;
				TARGETED_DEVICE_FAMILY = "1,2";
			};
			name = Debug;
		};
		A2DF701D1FD497D00010E490 /* Release */ = {
			isa = XCBuildConfiguration;
			buildSettings = {
				ASSETCATALOG_COMPILER_APPICON_NAME = AppIcon;
				CODE_SIGN_STYLE = Automatic;
				DEVELOPMENT_TEAM = CR64AQDPNW;
				FRAMEWORK_SEARCH_PATHS = (
					"$(inherited)",
					"(non-recursive)",
				);
				"FRAMEWORK_SEARCH_PATHS[arch=*]" = "";
				INFOPLIST_FILE = AudioSystemSwift/Info.plist;
				LD_RUNPATH_SEARCH_PATHS = "$(inherited) @executable_path/Frameworks";
				PRODUCT_BUNDLE_IDENTIFIER = test.AudioSystemSwift;
				PRODUCT_NAME = "$(TARGET_NAME)";
				SWIFT_VERSION = 4.0;
				TARGETED_DEVICE_FAMILY = "1,2";
			};
			name = Release;
		};
		A2DF701F1FD497D00010E490 /* Debug */ = {
			isa = XCBuildConfiguration;
			buildSettings = {
				ALWAYS_EMBED_SWIFT_STANDARD_LIBRARIES = YES;
				BUNDLE_LOADER = "$(TEST_HOST)";
				CODE_SIGN_STYLE = Automatic;
				INFOPLIST_FILE = AudioSystemSwiftTests/Info.plist;
				LD_RUNPATH_SEARCH_PATHS = "$(inherited) @executable_path/Frameworks @loader_path/Frameworks";
				PRODUCT_BUNDLE_IDENTIFIER = test.AudioSystemSwiftTests;
				PRODUCT_NAME = "$(TARGET_NAME)";
				SWIFT_VERSION = 4.0;
				TARGETED_DEVICE_FAMILY = "1,2";
				TEST_HOST = "$(BUILT_PRODUCTS_DIR)/AudioSystemSwift.app/AudioSystemSwift";
			};
			name = Debug;
		};
		A2DF70201FD497D00010E490 /* Release */ = {
			isa = XCBuildConfiguration;
			buildSettings = {
				ALWAYS_EMBED_SWIFT_STANDARD_LIBRARIES = YES;
				BUNDLE_LOADER = "$(TEST_HOST)";
				CODE_SIGN_STYLE = Automatic;
				INFOPLIST_FILE = AudioSystemSwiftTests/Info.plist;
				LD_RUNPATH_SEARCH_PATHS = "$(inherited) @executable_path/Frameworks @loader_path/Frameworks";
				PRODUCT_BUNDLE_IDENTIFIER = test.AudioSystemSwiftTests;
				PRODUCT_NAME = "$(TARGET_NAME)";
				SWIFT_VERSION = 4.0;
				TARGETED_DEVICE_FAMILY = "1,2";
				TEST_HOST = "$(BUILT_PRODUCTS_DIR)/AudioSystemSwift.app/AudioSystemSwift";
			};
			name = Release;
		};
		A2DF70221FD497D00010E490 /* Debug */ = {
			isa = XCBuildConfiguration;
			buildSettings = {
				ALWAYS_EMBED_SWIFT_STANDARD_LIBRARIES = YES;
				CODE_SIGN_STYLE = Automatic;
				INFOPLIST_FILE = AudioSystemSwiftUITests/Info.plist;
				LD_RUNPATH_SEARCH_PATHS = "$(inherited) @executable_path/Frameworks @loader_path/Frameworks";
				PRODUCT_BUNDLE_IDENTIFIER = test.AudioSystemSwiftUITests;
				PRODUCT_NAME = "$(TARGET_NAME)";
				SWIFT_VERSION = 4.0;
				TARGETED_DEVICE_FAMILY = "1,2";
				TEST_TARGET_NAME = AudioSystemSwift;
			};
			name = Debug;
		};
		A2DF70231FD497D00010E490 /* Release */ = {
			isa = XCBuildConfiguration;
			buildSettings = {
				ALWAYS_EMBED_SWIFT_STANDARD_LIBRARIES = YES;
				CODE_SIGN_STYLE = Automatic;
				INFOPLIST_FILE = AudioSystemSwiftUITests/Info.plist;
				LD_RUNPATH_SEARCH_PATHS = "$(inherited) @executable_path/Frameworks @loader_path/Frameworks";
				PRODUCT_BUNDLE_IDENTIFIER = test.AudioSystemSwiftUITests;
				PRODUCT_NAME = "$(TARGET_NAME)";
				SWIFT_VERSION = 4.0;
				TARGETED_DEVICE_FAMILY = "1,2";
				TEST_TARGET_NAME = AudioSystemSwift;
			};
			name = Release;
		};
/* End XCBuildConfiguration section */

/* Begin XCConfigurationList section */
		A2DF6FEE1FD497CF0010E490 /* Build configuration list for PBXProject "AudioSystemSwift" */ = {
			isa = XCConfigurationList;
			buildConfigurations = (
				A2DF70191FD497D00010E490 /* Debug */,
				A2DF701A1FD497D00010E490 /* Release */,
			);
			defaultConfigurationIsVisible = 0;
			defaultConfigurationName = Release;
		};
		A2DF701B1FD497D00010E490 /* Build configuration list for PBXNativeTarget "AudioSystemSwift" */ = {
			isa = XCConfigurationList;
			buildConfigurations = (
				A2DF701C1FD497D00010E490 /* Debug */,
				A2DF701D1FD497D00010E490 /* Release */,
			);
			defaultConfigurationIsVisible = 0;
			defaultConfigurationName = Release;
		};
		A2DF701E1FD497D00010E490 /* Build configuration list for PBXNativeTarget "AudioSystemSwiftTests" */ = {
			isa = XCConfigurationList;
			buildConfigurations = (
				A2DF701F1FD497D00010E490 /* Debug */,
				A2DF70201FD497D00010E490 /* Release */,
			);
			defaultConfigurationIsVisible = 0;
			defaultConfigurationName = Release;
		};
		A2DF70211FD497D00010E490 /* Build configuration list for PBXNativeTarget "AudioSystemSwiftUITests" */ = {
			isa = XCConfigurationList;
			buildConfigurations = (
				A2DF70221FD497D00010E490 /* Debug */,
				A2DF70231FD497D00010E490 /* Release */,
			);
			defaultConfigurationIsVisible = 0;
			defaultConfigurationName = Release;
		};
/* End XCConfigurationList section */
	};
	rootObject = A2DF6FEB1FD497CF0010E490 /* Project object */;
}
